
Microsoft Visual Studio Solution File, Format Version 12.00
# Visual Studio Version 17
VisualStudioVersion = 17.13.35913.81 d17.13
MinimumVisualStudioVersion = 10.0.40219.1
Project("{FAE04EC0-301F-11D3-BF4B-00C04F79EFBC}") = "factorial_of_numbers", "factorial_of_numbers\factorial_of_numbers.csproj", "{A6BEF07D-14D0-4007-9F53-32E64D674518}"
EndProject
Global
	GlobalSection(SolutionConfigurationPlatforms) = preSolution
		Debug|Any CPU = Debug|Any CPU
		Release|Any CPU = Release|Any CPU
	EndGlobalSection
	GlobalSection(ProjectConfigurationPlatforms) = postSolution
		{A6BEF07D-14D0-4007-9F53-32E64D674518}.Debug|Any CPU.ActiveCfg = Debug|Any CPU
		{A6BEF07D-14D0-4007-9F53-32E64D674518}.Debug|Any CPU.Build.0 = Debug|Any CPU
		{A6BEF07D-14D0-4007-9F53-32E64D674518}.Release|Any CPU.ActiveCfg = Release|Any CPU
		{A6BEF07D-14D0-4007-9F53-32E64D674518}.Release|Any CPU.Build.0 = Release|Any CPU
	EndGlobalSection
	GlobalSection(SolutionProperties) = preSolution
		HideSolutionNode = FALSE
	EndGlobalSection
	GlobalSection(ExtensibilityGlobals) = postSolution
		SolutionGuid = {905E62AC-D581-44F6-B004-6F98D39A90CB}
	EndGlobalSection
EndGlobal
